// !$*UTF8*$!
{
	archiveVersion = 1;
	classes = {
	};
	objectVersion = 55;
	objects = {

/* Begin PBXBuildFile section */
		2A5CEF4E28B10D3700DA4B5B /* Coordinator.swift in Sources */ = {isa = PBXBuildFile; fileRef = 2A5CEF4D28B10D3700DA4B5B /* Coordinator.swift */; };
		2A5CEF5028B10FF200DA4B5B /* NewsCoordinator.swift in Sources */ = {isa = PBXBuildFile; fileRef = 2A5CEF4F28B10FF200DA4B5B /* NewsCoordinator.swift */; };
		2A5CEF5228B1115600DA4B5B /* TabBarController.swift in Sources */ = {isa = PBXBuildFile; fileRef = 2A5CEF5128B1115600DA4B5B /* TabBarController.swift */; };
		2A5CEF5428B1224C00DA4B5B /* ProfileCoordinator.swift in Sources */ = {isa = PBXBuildFile; fileRef = 2A5CEF5328B1224C00DA4B5B /* ProfileCoordinator.swift */; };
		2A5CEF5628B1226100DA4B5B /* ProfileVC.swift in Sources */ = {isa = PBXBuildFile; fileRef = 2A5CEF5528B1226100DA4B5B /* ProfileVC.swift */; };
		2A5CEF5928B125DE00DA4B5B /* NewsResult.swift in Sources */ = {isa = PBXBuildFile; fileRef = 2A5CEF5828B125DE00DA4B5B /* NewsResult.swift */; };
		2A5CEF5C28B12E6900DA4B5B /* NetworkManager.swift in Sources */ = {isa = PBXBuildFile; fileRef = 2A5CEF5B28B12E6900DA4B5B /* NetworkManager.swift */; };
		2A5CEF5E28B12FD900DA4B5B /* NewsResultViewModel.swift in Sources */ = {isa = PBXBuildFile; fileRef = 2A5CEF5D28B12FD900DA4B5B /* NewsResultViewModel.swift */; };
		2A5CEF6028B1386400DA4B5B /* NewsSectionCVCell.swift in Sources */ = {isa = PBXBuildFile; fileRef = 2A5CEF5F28B1386400DA4B5B /* NewsSectionCVCell.swift */; };
		2A5CEF6228B140C300DA4B5B /* NewsRegularCVCell.swift in Sources */ = {isa = PBXBuildFile; fileRef = 2A5CEF6128B140C300DA4B5B /* NewsRegularCVCell.swift */; };
		2A5CEF6728B2510800DA4B5B /* String + Ex.swift in Sources */ = {isa = PBXBuildFile; fileRef = 2A5CEF6628B2510800DA4B5B /* String + Ex.swift */; };
		2A5CEF6928B2511600DA4B5B /* Date + Ex.swift in Sources */ = {isa = PBXBuildFile; fileRef = 2A5CEF6828B2511600DA4B5B /* Date + Ex.swift */; };
		2A5CEF6C28B254E900DA4B5B /* NewsCompactCVCell.swift in Sources */ = {isa = PBXBuildFile; fileRef = 2A5CEF6B28B254E900DA4B5B /* NewsCompactCVCell.swift */; };
		2A5CEF6E28B3853000DA4B5B /* News.swift in Sources */ = {isa = PBXBuildFile; fileRef = 2A5CEF6D28B3853000DA4B5B /* News.swift */; };
		2A5CEF7028B3853D00DA4B5B /* NewsMedia.swift in Sources */ = {isa = PBXBuildFile; fileRef = 2A5CEF6F28B3853D00DA4B5B /* NewsMedia.swift */; };
		2A5CEF7228B3854F00DA4B5B /* NewsViewModel.swift in Sources */ = {isa = PBXBuildFile; fileRef = 2A5CEF7128B3854F00DA4B5B /* NewsViewModel.swift */; };
		2AAE3EAB28CF239F00C900C4 /* NewsSectionHeader.swift in Sources */ = {isa = PBXBuildFile; fileRef = 2AAE3EAA28CF239F00C900C4 /* NewsSectionHeader.swift */; };
		2AAE3EAD28CF5BFD00C900C4 /* ProfileCard.swift in Sources */ = {isa = PBXBuildFile; fileRef = 2AAE3EAC28CF5BFD00C900C4 /* ProfileCard.swift */; };
		2AAE3EAF28CF5F0500C900C4 /* ProfileInfoModel.swift in Sources */ = {isa = PBXBuildFile; fileRef = 2AAE3EAE28CF5F0500C900C4 /* ProfileInfoModel.swift */; };
		2AB9BA4D291CA9A60087FC1E /* Project.swift in Sources */ = {isa = PBXBuildFile; fileRef = 2AB9BA4C291CA9A60087FC1E /* Project.swift */; };
		2AD3CDD528C77A73009B312D /* ProfileView.swift in Sources */ = {isa = PBXBuildFile; fileRef = 2AD3CDD428C77A73009B312D /* ProfileView.swift */; };
		2AD3CDD728C77A97009B312D /* ProfileViewModel.swift in Sources */ = {isa = PBXBuildFile; fileRef = 2AD3CDD628C77A97009B312D /* ProfileViewModel.swift */; };
		2AF75FF128B108EF001E12B5 /* AppDelegate.swift in Sources */ = {isa = PBXBuildFile; fileRef = 2AF75FF028B108EF001E12B5 /* AppDelegate.swift */; };
		2AF75FF528B108EF001E12B5 /* NewsVC.swift in Sources */ = {isa = PBXBuildFile; fileRef = 2AF75FF428B108EF001E12B5 /* NewsVC.swift */; };
		2AF75FFA28B108F2001E12B5 /* Assets.xcassets in Resources */ = {isa = PBXBuildFile; fileRef = 2AF75FF928B108F2001E12B5 /* Assets.xcassets */; };
		2AF75FFD28B108F2001E12B5 /* LaunchScreen.storyboard in Resources */ = {isa = PBXBuildFile; fileRef = 2AF75FFB28B108F2001E12B5 /* LaunchScreen.storyboard */; };
		562AAD4A19D0A80FE27B054F /* Pods_NewsApplication.framework in Frameworks */ = {isa = PBXBuildFile; fileRef = 6A9524C4D10D89E7A6E6EEF5 /* Pods_NewsApplication.framework */; };
/* End PBXBuildFile section */

/* Begin PBXFileReference section */
		2A5CEF4D28B10D3700DA4B5B /* Coordinator.swift */ = {isa = PBXFileReference; lastKnownFileType = sourcecode.swift; path = Coordinator.swift; sourceTree = "<group>"; };
		2A5CEF4F28B10FF200DA4B5B /* NewsCoordinator.swift */ = {isa = PBXFileReference; lastKnownFileType = sourcecode.swift; path = NewsCoordinator.swift; sourceTree = "<group>"; };
		2A5CEF5128B1115600DA4B5B /* TabBarController.swift */ = {isa = PBXFileReference; lastKnownFileType = sourcecode.swift; path = TabBarController.swift; sourceTree = "<group>"; };
		2A5CEF5328B1224C00DA4B5B /* ProfileCoordinator.swift */ = {isa = PBXFileReference; lastKnownFileType = sourcecode.swift; path = ProfileCoordinator.swift; sourceTree = "<group>"; };
		2A5CEF5528B1226100DA4B5B /* ProfileVC.swift */ = {isa = PBXFileReference; lastKnownFileType = sourcecode.swift; path = ProfileVC.swift; sourceTree = "<group>"; };
		2A5CEF5828B125DE00DA4B5B /* NewsResult.swift */ = {isa = PBXFileReference; lastKnownFileType = sourcecode.swift; path = NewsResult.swift; sourceTree = "<group>"; };
		2A5CEF5B28B12E6900DA4B5B /* NetworkManager.swift */ = {isa = PBXFileReference; lastKnownFileType = sourcecode.swift; path = NetworkManager.swift; sourceTree = "<group>"; };
		2A5CEF5D28B12FD900DA4B5B /* NewsResultViewModel.swift */ = {isa = PBXFileReference; lastKnownFileType = sourcecode.swift; path = NewsResultViewModel.swift; sourceTree = "<group>"; };
		2A5CEF5F28B1386400DA4B5B /* NewsSectionCVCell.swift */ = {isa = PBXFileReference; lastKnownFileType = sourcecode.swift; path = NewsSectionCVCell.swift; sourceTree = "<group>"; };
		2A5CEF6128B140C300DA4B5B /* NewsRegularCVCell.swift */ = {isa = PBXFileReference; lastKnownFileType = sourcecode.swift; path = NewsRegularCVCell.swift; sourceTree = "<group>"; };
		2A5CEF6628B2510800DA4B5B /* String + Ex.swift */ = {isa = PBXFileReference; lastKnownFileType = sourcecode.swift; path = "String + Ex.swift"; sourceTree = "<group>"; };
		2A5CEF6828B2511600DA4B5B /* Date + Ex.swift */ = {isa = PBXFileReference; lastKnownFileType = sourcecode.swift; path = "Date + Ex.swift"; sourceTree = "<group>"; };
		2A5CEF6B28B254E900DA4B5B /* NewsCompactCVCell.swift */ = {isa = PBXFileReference; lastKnownFileType = sourcecode.swift; path = NewsCompactCVCell.swift; sourceTree = "<group>"; };
		2A5CEF6D28B3853000DA4B5B /* News.swift */ = {isa = PBXFileReference; lastKnownFileType = sourcecode.swift; path = News.swift; sourceTree = "<group>"; };
		2A5CEF6F28B3853D00DA4B5B /* NewsMedia.swift */ = {isa = PBXFileReference; lastKnownFileType = sourcecode.swift; path = NewsMedia.swift; sourceTree = "<group>"; };
		2A5CEF7128B3854F00DA4B5B /* NewsViewModel.swift */ = {isa = PBXFileReference; lastKnownFileType = sourcecode.swift; path = NewsViewModel.swift; sourceTree = "<group>"; };
		2AAE3EAA28CF239F00C900C4 /* NewsSectionHeader.swift */ = {isa = PBXFileReference; lastKnownFileType = sourcecode.swift; path = NewsSectionHeader.swift; sourceTree = "<group>"; };
		2AAE3EAC28CF5BFD00C900C4 /* ProfileCard.swift */ = {isa = PBXFileReference; lastKnownFileType = sourcecode.swift; path = ProfileCard.swift; sourceTree = "<group>"; };
		2AAE3EAE28CF5F0500C900C4 /* ProfileInfoModel.swift */ = {isa = PBXFileReference; lastKnownFileType = sourcecode.swift; path = ProfileInfoModel.swift; sourceTree = "<group>"; };
		2AB9BA4C291CA9A60087FC1E /* Project.swift */ = {isa = PBXFileReference; lastKnownFileType = sourcecode.swift; path = Project.swift; sourceTree = "<group>"; };
		2AD3CDD428C77A73009B312D /* ProfileView.swift */ = {isa = PBXFileReference; lastKnownFileType = sourcecode.swift; path = ProfileView.swift; sourceTree = "<group>"; };
		2AD3CDD628C77A97009B312D /* ProfileViewModel.swift */ = {isa = PBXFileReference; lastKnownFileType = sourcecode.swift; path = ProfileViewModel.swift; sourceTree = "<group>"; };
		2AF75FED28B108EF001E12B5 /* NewsApplication.app */ = {isa = PBXFileReference; explicitFileType = wrapper.application; includeInIndex = 0; path = NewsApplication.app; sourceTree = BUILT_PRODUCTS_DIR; };
		2AF75FF028B108EF001E12B5 /* AppDelegate.swift */ = {isa = PBXFileReference; lastKnownFileType = sourcecode.swift; path = AppDelegate.swift; sourceTree = "<group>"; };
		2AF75FF428B108EF001E12B5 /* NewsVC.swift */ = {isa = PBXFileReference; lastKnownFileType = sourcecode.swift; path = NewsVC.swift; sourceTree = "<group>"; };
		2AF75FF928B108F2001E12B5 /* Assets.xcassets */ = {isa = PBXFileReference; lastKnownFileType = folder.assetcatalog; path = Assets.xcassets; sourceTree = "<group>"; };
		2AF75FFC28B108F2001E12B5 /* Base */ = {isa = PBXFileReference; lastKnownFileType = file.storyboard; name = Base; path = Base.lproj/LaunchScreen.storyboard; sourceTree = "<group>"; };
		2AF75FFE28B108F2001E12B5 /* Info.plist */ = {isa = PBXFileReference; lastKnownFileType = text.plist.xml; path = Info.plist; sourceTree = "<group>"; };
		6A9524C4D10D89E7A6E6EEF5 /* Pods_NewsApplication.framework */ = {isa = PBXFileReference; explicitFileType = wrapper.framework; includeInIndex = 0; path = Pods_NewsApplication.framework; sourceTree = BUILT_PRODUCTS_DIR; };
		8D9039AA5DE210D9A2871AB9 /* Pods-NewsApplication.release.xcconfig */ = {isa = PBXFileReference; includeInIndex = 1; lastKnownFileType = text.xcconfig; name = "Pods-NewsApplication.release.xcconfig"; path = "Target Support Files/Pods-NewsApplication/Pods-NewsApplication.release.xcconfig"; sourceTree = "<group>"; };
		F27F359E13F008394F579F9F /* Pods-NewsApplication.debug.xcconfig */ = {isa = PBXFileReference; includeInIndex = 1; lastKnownFileType = text.xcconfig; name = "Pods-NewsApplication.debug.xcconfig"; path = "Target Support Files/Pods-NewsApplication/Pods-NewsApplication.debug.xcconfig"; sourceTree = "<group>"; };
/* End PBXFileReference section */

/* Begin PBXFrameworksBuildPhase section */
		2AF75FEA28B108EF001E12B5 /* Frameworks */ = {
			isa = PBXFrameworksBuildPhase;
			buildActionMask = 2147483647;
			files = (
				562AAD4A19D0A80FE27B054F /* Pods_NewsApplication.framework in Frameworks */,
			);
			runOnlyForDeploymentPostprocessing = 0;
		};
/* End PBXFrameworksBuildPhase section */

/* Begin PBXGroup section */
		2A5CEF4828B10A8300DA4B5B /* Support */ = {
			isa = PBXGroup;
			children = (
				2AF75FF028B108EF001E12B5 /* AppDelegate.swift */,
				2AF75FF928B108F2001E12B5 /* Assets.xcassets */,
				2AF75FFB28B108F2001E12B5 /* LaunchScreen.storyboard */,
			);
			path = Support;
			sourceTree = "<group>";
		};
		2A5CEF4928B10A8B00DA4B5B /* ViewModel */ = {
			isa = PBXGroup;
			children = (
				2A5CEF5D28B12FD900DA4B5B /* NewsResultViewModel.swift */,
				2A5CEF7128B3854F00DA4B5B /* NewsViewModel.swift */,
				2AD3CDD628C77A97009B312D /* ProfileViewModel.swift */,
			);
			path = ViewModel;
			sourceTree = "<group>";
		};
		2A5CEF4A28B10A9000DA4B5B /* View */ = {
			isa = PBXGroup;
			children = (
				2ADF7CAD28B8DE0700974BF7 /* Views */,
				2A5CEF6A28B254D800DA4B5B /* Cells */,
				2A5CEF5728B125C700DA4B5B /* Controllers */,
			);
			path = View;
			sourceTree = "<group>";
		};
		2A5CEF4B28B10A9200DA4B5B /* Model */ = {
			isa = PBXGroup;
			children = (
				2A5CEF5828B125DE00DA4B5B /* NewsResult.swift */,
				2A5CEF6D28B3853000DA4B5B /* News.swift */,
				2A5CEF6F28B3853D00DA4B5B /* NewsMedia.swift */,
				2AAE3EAE28CF5F0500C900C4 /* ProfileInfoModel.swift */,
			);
			path = Model;
			sourceTree = "<group>";
		};
		2A5CEF4C28B10AA200DA4B5B /* Coordinator */ = {
			isa = PBXGroup;
			children = (
				2A5CEF4D28B10D3700DA4B5B /* Coordinator.swift */,
				2A5CEF4F28B10FF200DA4B5B /* NewsCoordinator.swift */,
				2A5CEF5328B1224C00DA4B5B /* ProfileCoordinator.swift */,
			);
			path = Coordinator;
			sourceTree = "<group>";
		};
		2A5CEF5728B125C700DA4B5B /* Controllers */ = {
			isa = PBXGroup;
			children = (
				2A5CEF5128B1115600DA4B5B /* TabBarController.swift */,
				2AF75FF428B108EF001E12B5 /* NewsVC.swift */,
				2A5CEF5528B1226100DA4B5B /* ProfileVC.swift */,
			);
			path = Controllers;
			sourceTree = "<group>";
		};
		2A5CEF5A28B12E5D00DA4B5B /* Managers */ = {
			isa = PBXGroup;
			children = (
				2A5CEF5B28B12E6900DA4B5B /* NetworkManager.swift */,
			);
			path = Managers;
			sourceTree = "<group>";
		};
		2A5CEF6328B2450B00DA4B5B /* Extensions */ = {
			isa = PBXGroup;
			children = (
				2A5CEF6628B2510800DA4B5B /* String + Ex.swift */,
				2A5CEF6828B2511600DA4B5B /* Date + Ex.swift */,
			);
			path = Extensions;
			sourceTree = "<group>";
		};
		2A5CEF6A28B254D800DA4B5B /* Cells */ = {
			isa = PBXGroup;
			children = (
				2A5CEF5F28B1386400DA4B5B /* NewsSectionCVCell.swift */,
				2A5CEF6128B140C300DA4B5B /* NewsRegularCVCell.swift */,
				2A5CEF6B28B254E900DA4B5B /* NewsCompactCVCell.swift */,
				2AAE3EAA28CF239F00C900C4 /* NewsSectionHeader.swift */,
			);
			path = Cells;
			sourceTree = "<group>";
		};
		2AB9BA4B291CA9940087FC1E /* Constants */ = {
			isa = PBXGroup;
			children = (
				2AB9BA4C291CA9A60087FC1E /* Project.swift */,
			);
			path = Constants;
			sourceTree = "<group>";
		};
		2ADF7CAD28B8DE0700974BF7 /* Views */ = {
			isa = PBXGroup;
			children = (
				2AD3CDD428C77A73009B312D /* ProfileView.swift */,
				2AAE3EAC28CF5BFD00C900C4 /* ProfileCard.swift */,
			);
			path = Views;
			sourceTree = "<group>";
		};
		2AF75FE428B108EF001E12B5 = {
			isa = PBXGroup;
			children = (
				2AF75FEF28B108EF001E12B5 /* NewsApplication */,
				2AF75FEE28B108EF001E12B5 /* Products */,
				A1E79B1C66A43B4EC2988D57 /* Pods */,
				B9E425D73032123BDB60C92B /* Frameworks */,
			);
			sourceTree = "<group>";
		};
		2AF75FEE28B108EF001E12B5 /* Products */ = {
			isa = PBXGroup;
			children = (
				2AF75FED28B108EF001E12B5 /* NewsApplication.app */,
			);
			name = Products;
			sourceTree = "<group>";
		};
		2AF75FEF28B108EF001E12B5 /* NewsApplication */ = {
			isa = PBXGroup;
			children = (
				2AB9BA4B291CA9940087FC1E /* Constants */,
				2A5CEF5A28B12E5D00DA4B5B /* Managers */,
				2A5CEF4C28B10AA200DA4B5B /* Coordinator */,
				2A5CEF4B28B10A9200DA4B5B /* Model */,
				2A5CEF4A28B10A9000DA4B5B /* View */,
				2A5CEF4928B10A8B00DA4B5B /* ViewModel */,
				2A5CEF6328B2450B00DA4B5B /* Extensions */,
				2A5CEF4828B10A8300DA4B5B /* Support */,
				2AF75FFE28B108F2001E12B5 /* Info.plist */,
			);
			path = NewsApplication;
			sourceTree = "<group>";
		};
		A1E79B1C66A43B4EC2988D57 /* Pods */ = {
			isa = PBXGroup;
			children = (
				F27F359E13F008394F579F9F /* Pods-NewsApplication.debug.xcconfig */,
				8D9039AA5DE210D9A2871AB9 /* Pods-NewsApplication.release.xcconfig */,
			);
			path = Pods;
			sourceTree = "<group>";
		};
		B9E425D73032123BDB60C92B /* Frameworks */ = {
			isa = PBXGroup;
			children = (
				6A9524C4D10D89E7A6E6EEF5 /* Pods_NewsApplication.framework */,
			);
			name = Frameworks;
			sourceTree = "<group>";
		};
/* End PBXGroup section */

/* Begin PBXNativeTarget section */
		2AF75FEC28B108EF001E12B5 /* NewsApplication */ = {
			isa = PBXNativeTarget;
			buildConfigurationList = 2AF7600128B108F2001E12B5 /* Build configuration list for PBXNativeTarget "NewsApplication" */;
			buildPhases = (
				0128AEDA7D3B247391EE18DD /* [CP] Check Pods Manifest.lock */,
				2AF75FE928B108EF001E12B5 /* Sources */,
				2AF75FEA28B108EF001E12B5 /* Frameworks */,
				2AF75FEB28B108EF001E12B5 /* Resources */,
				7666B33347E05EFB1E1203AA /* [CP] Embed Pods Frameworks */,
				2AB9BA4A291C3C480087FC1E /* ShellScript */,
			);
			buildRules = (
			);
			dependencies = (
			);
			name = NewsApplication;
			productName = NewsApplication;
			productReference = 2AF75FED28B108EF001E12B5 /* NewsApplication.app */;
			productType = "com.apple.product-type.application";
		};
/* End PBXNativeTarget section */

/* Begin PBXProject section */
		2AF75FE528B108EF001E12B5 /* Project object */ = {
			isa = PBXProject;
			attributes = {
				BuildIndependentTargetsInParallel = 1;
				LastSwiftUpdateCheck = 1340;
				LastUpgradeCheck = 1340;
				TargetAttributes = {
					2AF75FEC28B108EF001E12B5 = {
						CreatedOnToolsVersion = 13.4.1;
					};
				};
			};
			buildConfigurationList = 2AF75FE828B108EF001E12B5 /* Build configuration list for PBXProject "NewsApplication" */;
			compatibilityVersion = "Xcode 13.0";
			developmentRegion = en;
			hasScannedForEncodings = 0;
			knownRegions = (
				en,
				Base,
			);
			mainGroup = 2AF75FE428B108EF001E12B5;
			productRefGroup = 2AF75FEE28B108EF001E12B5 /* Products */;
			projectDirPath = "";
			projectRoot = "";
			targets = (
				2AF75FEC28B108EF001E12B5 /* NewsApplication */,
			);
		};
/* End PBXProject section */

/* Begin PBXResourcesBuildPhase section */
		2AF75FEB28B108EF001E12B5 /* Resources */ = {
			isa = PBXResourcesBuildPhase;
			buildActionMask = 2147483647;
			files = (
				2AF75FFD28B108F2001E12B5 /* LaunchScreen.storyboard in Resources */,
				2AF75FFA28B108F2001E12B5 /* Assets.xcassets in Resources */,
			);
			runOnlyForDeploymentPostprocessing = 0;
		};
/* End PBXResourcesBuildPhase section */

/* Begin PBXShellScriptBuildPhase section */
		0128AEDA7D3B247391EE18DD /* [CP] Check Pods Manifest.lock */ = {
			isa = PBXShellScriptBuildPhase;
			buildActionMask = 2147483647;
			files = (
			);
			inputFileListPaths = (
			);
			inputPaths = (
				"${PODS_PODFILE_DIR_PATH}/Podfile.lock",
				"${PODS_ROOT}/Manifest.lock",
			);
			name = "[CP] Check Pods Manifest.lock";
			outputFileListPaths = (
			);
			outputPaths = (
				"$(DERIVED_FILE_DIR)/Pods-NewsApplication-checkManifestLockResult.txt",
			);
			runOnlyForDeploymentPostprocessing = 0;
			shellPath = /bin/sh;
			shellScript = "diff \"${PODS_PODFILE_DIR_PATH}/Podfile.lock\" \"${PODS_ROOT}/Manifest.lock\" > /dev/null\nif [ $? != 0 ] ; then\n    # print error to STDERR\n    echo \"error: The sandbox is not in sync with the Podfile.lock. Run 'pod install' or update your CocoaPods installation.\" >&2\n    exit 1\nfi\n# This output is used by Xcode 'outputs' to avoid re-running this script phase.\necho \"SUCCESS\" > \"${SCRIPT_OUTPUT_FILE_0}\"\n";
			showEnvVarsInLog = 0;
		};
		2AB9BA4A291C3C480087FC1E /* ShellScript */ = {
			isa = PBXShellScriptBuildPhase;
			buildActionMask = 2147483647;
			files = (
			);
			inputFileListPaths = (
			);
			inputPaths = (
			);
			outputFileListPaths = (
			);
			outputPaths = (
			);
			runOnlyForDeploymentPostprocessing = 0;
			shellPath = /bin/sh;
			shellScript = "# Type a script or drag a script file from your workspace to insert its path.\nif which swiftlint >/dev/null; then\n  swiftlint\nelse\n  echo \"warning: SwiftLint not installed, download from https://github.com/realm/SwiftLint\"\nfi\n";
		};
		7666B33347E05EFB1E1203AA /* [CP] Embed Pods Frameworks */ = {
			isa = PBXShellScriptBuildPhase;
			buildActionMask = 2147483647;
			files = (
			);
			inputFileListPaths = (
				"${PODS_ROOT}/Target Support Files/Pods-NewsApplication/Pods-NewsApplication-frameworks-${CONFIGURATION}-input-files.xcfilelist",
			);
			name = "[CP] Embed Pods Frameworks";
			outputFileListPaths = (
				"${PODS_ROOT}/Target Support Files/Pods-NewsApplication/Pods-NewsApplication-frameworks-${CONFIGURATION}-output-files.xcfilelist",
			);
			runOnlyForDeploymentPostprocessing = 0;
			shellPath = /bin/sh;
			shellScript = "\"${PODS_ROOT}/Target Support Files/Pods-NewsApplication/Pods-NewsApplication-frameworks.sh\"\n";
			showEnvVarsInLog = 0;
		};
/* End PBXShellScriptBuildPhase section */

/* Begin PBXSourcesBuildPhase section */
		2AF75FE928B108EF001E12B5 /* Sources */ = {
			isa = PBXSourcesBuildPhase;
			buildActionMask = 2147483647;
			files = (
				2A5CEF5C28B12E6900DA4B5B /* NetworkManager.swift in Sources */,
				2A5CEF6928B2511600DA4B5B /* Date + Ex.swift in Sources */,
				2A5CEF7028B3853D00DA4B5B /* NewsMedia.swift in Sources */,
				2AB9BA4D291CA9A60087FC1E /* Project.swift in Sources */,
				2AF75FF528B108EF001E12B5 /* NewsVC.swift in Sources */,
				2A5CEF5028B10FF200DA4B5B /* NewsCoordinator.swift in Sources */,
				2A5CEF5628B1226100DA4B5B /* ProfileVC.swift in Sources */,
				2AAE3EAF28CF5F0500C900C4 /* ProfileInfoModel.swift in Sources */,
				2A5CEF5E28B12FD900DA4B5B /* NewsResultViewModel.swift in Sources */,
				2AF75FF128B108EF001E12B5 /* AppDelegate.swift in Sources */,
				2A5CEF7228B3854F00DA4B5B /* NewsViewModel.swift in Sources */,
				2A5CEF6028B1386400DA4B5B /* NewsSectionCVCell.swift in Sources */,
				2A5CEF5228B1115600DA4B5B /* TabBarController.swift in Sources */,
				2A5CEF6728B2510800DA4B5B /* String + Ex.swift in Sources */,
				2A5CEF5428B1224C00DA4B5B /* ProfileCoordinator.swift in Sources */,
				2A5CEF4E28B10D3700DA4B5B /* Coordinator.swift in Sources */,
				2AAE3EAB28CF239F00C900C4 /* NewsSectionHeader.swift in Sources */,
				2A5CEF6228B140C300DA4B5B /* NewsRegularCVCell.swift in Sources */,
				2AAE3EAD28CF5BFD00C900C4 /* ProfileCard.swift in Sources */,
				2A5CEF5928B125DE00DA4B5B /* NewsResult.swift in Sources */,
				2AD3CDD728C77A97009B312D /* ProfileViewModel.swift in Sources */,
				2A5CEF6E28B3853000DA4B5B /* News.swift in Sources */,
				2AD3CDD528C77A73009B312D /* ProfileView.swift in Sources */,
				2A5CEF6C28B254E900DA4B5B /* NewsCompactCVCell.swift in Sources */,
			);
			runOnlyForDeploymentPostprocessing = 0;
		};
/* End PBXSourcesBuildPhase section */

/* Begin PBXVariantGroup section */
		2AF75FFB28B108F2001E12B5 /* LaunchScreen.storyboard */ = {
			isa = PBXVariantGroup;
			children = (
				2AF75FFC28B108F2001E12B5 /* Base */,
			);
			name = LaunchScreen.storyboard;
			sourceTree = "<group>";
		};
/* End PBXVariantGroup section */

/* Begin XCBuildConfiguration section */
		2AF75FFF28B108F2001E12B5 /* Debug */ = {
			isa = XCBuildConfiguration;
			buildSettings = {
				ALWAYS_SEARCH_USER_PATHS = NO;
				CLANG_ANALYZER_NONNULL = YES;
				CLANG_ANALYZER_NUMBER_OBJECT_CONVERSION = YES_AGGRESSIVE;
				CLANG_CXX_LANGUAGE_STANDARD = "gnu++17";
				CLANG_ENABLE_MODULES = YES;
				CLANG_ENABLE_OBJC_ARC = YES;
				CLANG_ENABLE_OBJC_WEAK = YES;
				CLANG_WARN_BLOCK_CAPTURE_AUTORELEASING = YES;
				CLANG_WARN_BOOL_CONVERSION = YES;
				CLANG_WARN_COMMA = YES;
				CLANG_WARN_CONSTANT_CONVERSION = YES;
				CLANG_WARN_DEPRECATED_OBJC_IMPLEMENTATIONS = YES;
				CLANG_WARN_DIRECT_OBJC_ISA_USAGE = YES_ERROR;
				CLANG_WARN_DOCUMENTATION_COMMENTS = YES;
				CLANG_WARN_EMPTY_BODY = YES;
				CLANG_WARN_ENUM_CONVERSION = YES;
				CLANG_WARN_INFINITE_RECURSION = YES;
				CLANG_WARN_INT_CONVERSION = YES;
				CLANG_WARN_NON_LITERAL_NULL_CONVERSION = YES;
				CLANG_WARN_OBJC_IMPLICIT_RETAIN_SELF = YES;
				CLANG_WARN_OBJC_LITERAL_CONVERSION = YES;
				CLANG_WARN_OBJC_ROOT_CLASS = YES_ERROR;
				CLANG_WARN_QUOTED_INCLUDE_IN_FRAMEWORK_HEADER = YES;
				CLANG_WARN_RANGE_LOOP_ANALYSIS = YES;
				CLANG_WARN_STRICT_PROTOTYPES = YES;
				CLANG_WARN_SUSPICIOUS_MOVE = YES;
				CLANG_WARN_UNGUARDED_AVAILABILITY = YES_AGGRESSIVE;
				CLANG_WARN_UNREACHABLE_CODE = YES;
				CLANG_WARN__DUPLICATE_METHOD_MATCH = YES;
				COPY_PHASE_STRIP = NO;
				DEBUG_INFORMATION_FORMAT = dwarf;
				ENABLE_STRICT_OBJC_MSGSEND = YES;
				ENABLE_TESTABILITY = YES;
				GCC_C_LANGUAGE_STANDARD = gnu11;
				GCC_DYNAMIC_NO_PIC = NO;
				GCC_NO_COMMON_BLOCKS = YES;
				GCC_OPTIMIZATION_LEVEL = 0;
				GCC_PREPROCESSOR_DEFINITIONS = (
					"DEBUG=1",
					"$(inherited)",
				);
				GCC_WARN_64_TO_32_BIT_CONVERSION = YES;
				GCC_WARN_ABOUT_RETURN_TYPE = YES_ERROR;
				GCC_WARN_UNDECLARED_SELECTOR = YES;
				GCC_WARN_UNINITIALIZED_AUTOS = YES_AGGRESSIVE;
				GCC_WARN_UNUSED_FUNCTION = YES;
				GCC_WARN_UNUSED_VARIABLE = YES;
				IPHONEOS_DEPLOYMENT_TARGET = 15.5;
				MTL_ENABLE_DEBUG_INFO = INCLUDE_SOURCE;
				MTL_FAST_MATH = YES;
				ONLY_ACTIVE_ARCH = YES;
				SDKROOT = iphoneos;
				SWIFT_ACTIVE_COMPILATION_CONDITIONS = DEBUG;
				SWIFT_OPTIMIZATION_LEVEL = "-Onone";
			};
			name = Debug;
		};
		2AF7600028B108F2001E12B5 /* Release */ = {
			isa = XCBuildConfiguration;
			buildSettings = {
				ALWAYS_SEARCH_USER_PATHS = NO;
				CLANG_ANALYZER_NONNULL = YES;
				CLANG_ANALYZER_NUMBER_OBJECT_CONVERSION = YES_AGGRESSIVE;
				CLANG_CXX_LANGUAGE_STANDARD = "gnu++17";
				CLANG_ENABLE_MODULES = YES;
				CLANG_ENABLE_OBJC_ARC = YES;
				CLANG_ENABLE_OBJC_WEAK = YES;
				CLANG_WARN_BLOCK_CAPTURE_AUTORELEASING = YES;
				CLANG_WARN_BOOL_CONVERSION = YES;
				CLANG_WARN_COMMA = YES;
				CLANG_WARN_CONSTANT_CONVERSION = YES;
				CLANG_WARN_DEPRECATED_OBJC_IMPLEMENTATIONS = YES;
				CLANG_WARN_DIRECT_OBJC_ISA_USAGE = YES_ERROR;
				CLANG_WARN_DOCUMENTATION_COMMENTS = YES;
				CLANG_WARN_EMPTY_BODY = YES;
				CLANG_WARN_ENUM_CONVERSION = YES;
				CLANG_WARN_INFINITE_RECURSION = YES;
				CLANG_WARN_INT_CONVERSION = YES;
				CLANG_WARN_NON_LITERAL_NULL_CONVERSION = YES;
				CLANG_WARN_OBJC_IMPLICIT_RETAIN_SELF = YES;
				CLANG_WARN_OBJC_LITERAL_CONVERSION = YES;
				CLANG_WARN_OBJC_ROOT_CLASS = YES_ERROR;
				CLANG_WARN_QUOTED_INCLUDE_IN_FRAMEWORK_HEADER = YES;
				CLANG_WARN_RANGE_LOOP_ANALYSIS = YES;
				CLANG_WARN_STRICT_PROTOTYPES = YES;
				CLANG_WARN_SUSPICIOUS_MOVE = YES;
				CLANG_WARN_UNGUARDED_AVAILABILITY = YES_AGGRESSIVE;
				CLANG_WARN_UNREACHABLE_CODE = YES;
				CLANG_WARN__DUPLICATE_METHOD_MATCH = YES;
				COPY_PHASE_STRIP = NO;
				DEBUG_INFORMATION_FORMAT = "dwarf-with-dsym";
				ENABLE_NS_ASSERTIONS = NO;
				ENABLE_STRICT_OBJC_MSGSEND = YES;
				GCC_C_LANGUAGE_STANDARD = gnu11;
				GCC_NO_COMMON_BLOCKS = YES;
				GCC_WARN_64_TO_32_BIT_CONVERSION = YES;
				GCC_WARN_ABOUT_RETURN_TYPE = YES_ERROR;
				GCC_WARN_UNDECLARED_SELECTOR = YES;
				GCC_WARN_UNINITIALIZED_AUTOS = YES_AGGRESSIVE;
				GCC_WARN_UNUSED_FUNCTION = YES;
				GCC_WARN_UNUSED_VARIABLE = YES;
				IPHONEOS_DEPLOYMENT_TARGET = 15.5;
				MTL_ENABLE_DEBUG_INFO = NO;
				MTL_FAST_MATH = YES;
				SDKROOT = iphoneos;
				SWIFT_COMPILATION_MODE = wholemodule;
				SWIFT_OPTIMIZATION_LEVEL = "-O";
				VALIDATE_PRODUCT = YES;
			};
			name = Release;
		};
		2AF7600228B108F2001E12B5 /* Debug */ = {
			isa = XCBuildConfiguration;
			baseConfigurationReference = F27F359E13F008394F579F9F /* Pods-NewsApplication.debug.xcconfig */;
			buildSettings = {
				ASSETCATALOG_COMPILER_APPICON_NAME = AppIcon;
				ASSETCATALOG_COMPILER_GLOBAL_ACCENT_COLOR_NAME = AccentColor;
				CODE_SIGN_STYLE = Automatic;
				CURRENT_PROJECT_VERSION = 1;
				DEVELOPMENT_TEAM = T9GV6HD4BD;
				GENERATE_INFOPLIST_FILE = YES;
				INFOPLIST_FILE = NewsApplication/Info.plist;
				INFOPLIST_KEY_UIApplicationSupportsIndirectInputEvents = YES;
				INFOPLIST_KEY_UILaunchStoryboardName = LaunchScreen;
				INFOPLIST_KEY_UISupportedInterfaceOrientations_iPad = "UIInterfaceOrientationPortrait UIInterfaceOrientationPortraitUpsideDown UIInterfaceOrientationLandscapeLeft UIInterfaceOrientationLandscapeRight";
				INFOPLIST_KEY_UISupportedInterfaceOrientations_iPhone = "UIInterfaceOrientationPortrait UIInterfaceOrientationLandscapeLeft UIInterfaceOrientationLandscapeRight";
				IPHONEOS_DEPLOYMENT_TARGET = 13.0;
				LD_RUNPATH_SEARCH_PATHS = (
					"$(inherited)",
					"@executable_path/Frameworks",
				);
				MARKETING_VERSION = 1.0;
				PRODUCT_BUNDLE_IDENTIFIER = com.ivanpuzan0v.NewsApplication;
				PRODUCT_NAME = "$(TARGET_NAME)";
				SWIFT_EMIT_LOC_STRINGS = YES;
				SWIFT_VERSION = 5.0;
				TARGETED_DEVICE_FAMILY = "1,2";
			};
			name = Debug;
		};
		2AF7600328B108F2001E12B5 /* Release */ = {
			isa = XCBuildConfiguration;
			baseConfigurationReference = 8D9039AA5DE210D9A2871AB9 /* Pods-NewsApplication.release.xcconfig */;
			buildSettings = {
				ASSETCATALOG_COMPILER_APPICON_NAME = AppIcon;
				ASSETCATALOG_COMPILER_GLOBAL_ACCENT_COLOR_NAME = AccentColor;
				CODE_SIGN_STYLE = Automatic;
				CURRENT_PROJECT_VERSION = 1;
				DEVELOPMENT_TEAM = T9GV6HD4BD;
				GENERATE_INFOPLIST_FILE = YES;
				INFOPLIST_FILE = NewsApplication/Info.plist;
				INFOPLIST_KEY_UIApplicationSupportsIndirectInputEvents = YES;
				INFOPLIST_KEY_UILaunchStoryboardName = LaunchScreen;
				INFOPLIST_KEY_UISupportedInterfaceOrientations_iPad = "UIInterfaceOrientationPortrait UIInterfaceOrientationPortraitUpsideDown UIInterfaceOrientationLandscapeLeft UIInterfaceOrientationLandscapeRight";
				INFOPLIST_KEY_UISupportedInterfaceOrientations_iPhone = "UIInterfaceOrientationPortrait UIInterfaceOrientationLandscapeLeft UIInterfaceOrientationLandscapeRight";
				IPHONEOS_DEPLOYMENT_TARGET = 13.0;
				LD_RUNPATH_SEARCH_PATHS = (
					"$(inherited)",
					"@executable_path/Frameworks",
				);
				MARKETING_VERSION = 1.0;
				PRODUCT_BUNDLE_IDENTIFIER = com.ivanpuzan0v.NewsApplication;
				PRODUCT_NAME = "$(TARGET_NAME)";
				SWIFT_EMIT_LOC_STRINGS = YES;
				SWIFT_VERSION = 5.0;
				TARGETED_DEVICE_FAMILY = "1,2";
			};
			name = Release;
		};
/* End XCBuildConfiguration section */

/* Begin XCConfigurationList section */
		2AF75FE828B108EF001E12B5 /* Build configuration list for PBXProject "NewsApplication" */ = {
			isa = XCConfigurationList;
			buildConfigurations = (
				2AF75FFF28B108F2001E12B5 /* Debug */,
				2AF7600028B108F2001E12B5 /* Release */,
			);
			defaultConfigurationIsVisible = 0;
			defaultConfigurationName = Release;
		};
		2AF7600128B108F2001E12B5 /* Build configuration list for PBXNativeTarget "NewsApplication" */ = {
			isa = XCConfigurationList;
			buildConfigurations = (
				2AF7600228B108F2001E12B5 /* Debug */,
				2AF7600328B108F2001E12B5 /* Release */,
			);
			defaultConfigurationIsVisible = 0;
			defaultConfigurationName = Release;
		};
/* End XCConfigurationList section */
	};
	rootObject = 2AF75FE528B108EF001E12B5 /* Project object */;
}
